
Microsoft Visual Studio Solution File, Format Version 12.00
# Visual Studio Version 16
VisualStudioVersion = 16.0.30413.136
MinimumVisualStudioVersion = 10.0.40219.1
Project("{FAE04EC0-301F-11D3-BF4B-00C04F79EFBC}") = "LobitaBot", "LobitaBot\LobitaBot.csproj", "{DA4D4FCD-D9C4-4A1C-93C3-8381C785DFB4}"
EndProject
Global
	GlobalSection(SolutionConfigurationPlatforms) = preSolution
		Debug|Any CPU = Debug|Any CPU
		Release|Any CPU = Release|Any CPU
	EndGlobalSection
	GlobalSection(ProjectConfigurationPlatforms) = postSolution
		{DA4D4FCD-D9C4-4A1C-93C3-8381C785DFB4}.Debug|Any CPU.ActiveCfg = Debug|Any CPU
		{DA4D4FCD-D9C4-4A1C-93C3-8381C785DFB4}.Debug|Any CPU.Build.0 = Debug|Any CPU
		{DA4D4FCD-D9C4-4A1C-93C3-8381C785DFB4}.Release|Any CPU.ActiveCfg = Release|Any CPU
		{DA4D4FCD-D9C4-4A1C-93C3-8381C785DFB4}.Release|Any CPU.Build.0 = Release|Any CPU
	EndGlobalSection
	GlobalSection(SolutionProperties) = preSolution
		HideSolutionNode = FALSE
	EndGlobalSection
	GlobalSection(ExtensibilityGlobals) = postSolution
		SolutionGuid = {C014BD5F-2B07-45D4-99F1-E5AB276C5996}
	EndGlobalSection
EndGlobal
